
Microsoft Visual Studio Solution File, Format Version 12.00
# Visual Studio Version 16
VisualStudioVersion = 16.0.29409.12
MinimumVisualStudioVersion = 10.0.40219.1
Project("{FAE04EC0-301F-11D3-BF4B-00C04F79EFBC}") = "ChatServer", "ChatServer\ChatServer.csproj", "{D4F509EB-74D6-4217-A332-2985D8362AF7}"
EndProject
Global
	GlobalSection(SolutionConfigurationPlatforms) = preSolution
		Debug|Any CPU = Debug|Any CPU
		Release|Any CPU = Release|Any CPU
	EndGlobalSection
	GlobalSection(ProjectConfigurationPlatforms) = postSolution
		{D4F509EB-74D6-4217-A332-2985D8362AF7}.Debug|Any CPU.ActiveCfg = Debug|Any CPU
		{D4F509EB-74D6-4217-A332-2985D8362AF7}.Debug|Any CPU.Build.0 = Debug|Any CPU
		{D4F509EB-74D6-4217-A332-2985D8362AF7}.Release|Any CPU.ActiveCfg = Release|Any CPU
		{D4F509EB-74D6-4217-A332-2985D8362AF7}.Release|Any CPU.Build.0 = Release|Any CPU
	EndGlobalSection
	GlobalSection(SolutionProperties) = preSolution
		HideSolutionNode = FALSE
	EndGlobalSection
	GlobalSection(ExtensibilityGlobals) = postSolution
		SolutionGuid = {9A3488EB-7DD4-4EA8-A5B0-46CE452A10A1}
	EndGlobalSection
EndGlobal
